
Microsoft Visual Studio Solution File, Format Version 12.00
# Visual Studio Version 17
VisualStudioVersion = 17.4.33213.308
MinimumVisualStudioVersion = 10.0.40219.1
Project("{9A19103F-16F7-4668-BE54-9A1E7A4F7556}") = "Tutorial-OnionArchitecture", "Tutorial-OnionArchitecture\Tutorial-OnionArchitecture.csproj", "{0920F365-AE7C-4861-AE21-1F9C860C2736}"
EndProject
Project("{9A19103F-16F7-4668-BE54-9A1E7A4F7556}") = "Entities", "Entities\Entities.csproj", "{EF507AD9-1F72-4A43-98CC-4AE90C35AF3C}"
EndProject
Project("{FAE04EC0-301F-11D3-BF4B-00C04F79EFBC}") = "Contracts", "Contracts\Contracts.csproj", "{9DE19D04-5F4D-4805-A71C-1D89984C9A16}"
EndProject
Project("{FAE04EC0-301F-11D3-BF4B-00C04F79EFBC}") = "LoggerService", "LoggerService\LoggerService.csproj", "{6B322CC3-42F4-4FB7-A9F4-748BF3F0D574}"
EndProject
Global
	GlobalSection(SolutionConfigurationPlatforms) = preSolution
		Debug|Any CPU = Debug|Any CPU
		Release|Any CPU = Release|Any CPU
	EndGlobalSection
	GlobalSection(ProjectConfigurationPlatforms) = postSolution
		{0920F365-AE7C-4861-AE21-1F9C860C2736}.Debug|Any CPU.ActiveCfg = Debug|Any CPU
		{0920F365-AE7C-4861-AE21-1F9C860C2736}.Debug|Any CPU.Build.0 = Debug|Any CPU
		{0920F365-AE7C-4861-AE21-1F9C860C2736}.Release|Any CPU.ActiveCfg = Release|Any CPU
		{0920F365-AE7C-4861-AE21-1F9C860C2736}.Release|Any CPU.Build.0 = Release|Any CPU
		{EF507AD9-1F72-4A43-98CC-4AE90C35AF3C}.Debug|Any CPU.ActiveCfg = Debug|Any CPU
		{EF507AD9-1F72-4A43-98CC-4AE90C35AF3C}.Debug|Any CPU.Build.0 = Debug|Any CPU
		{EF507AD9-1F72-4A43-98CC-4AE90C35AF3C}.Release|Any CPU.ActiveCfg = Release|Any CPU
		{EF507AD9-1F72-4A43-98CC-4AE90C35AF3C}.Release|Any CPU.Build.0 = Release|Any CPU
		{9DE19D04-5F4D-4805-A71C-1D89984C9A16}.Debug|Any CPU.ActiveCfg = Debug|Any CPU
		{9DE19D04-5F4D-4805-A71C-1D89984C9A16}.Debug|Any CPU.Build.0 = Debug|Any CPU
		{9DE19D04-5F4D-4805-A71C-1D89984C9A16}.Release|Any CPU.ActiveCfg = Release|Any CPU
		{9DE19D04-5F4D-4805-A71C-1D89984C9A16}.Release|Any CPU.Build.0 = Release|Any CPU
		{6B322CC3-42F4-4FB7-A9F4-748BF3F0D574}.Debug|Any CPU.ActiveCfg = Debug|Any CPU
		{6B322CC3-42F4-4FB7-A9F4-748BF3F0D574}.Debug|Any CPU.Build.0 = Debug|Any CPU
		{6B322CC3-42F4-4FB7-A9F4-748BF3F0D574}.Release|Any CPU.ActiveCfg = Release|Any CPU
		{6B322CC3-42F4-4FB7-A9F4-748BF3F0D574}.Release|Any CPU.Build.0 = Release|Any CPU
	EndGlobalSection
	GlobalSection(SolutionProperties) = preSolution
		HideSolutionNode = FALSE
	EndGlobalSection
	GlobalSection(ExtensibilityGlobals) = postSolution
		SolutionGuid = {005614BF-F931-4C36-94DE-EB40A8D3FCF9}
	EndGlobalSection
EndGlobal
